Microsoft Visual Studio Solution File, Format Version 12.00
# Visual Studio Version 17
VisualStudioVersion = 17.5.2.0
MinimumVisualStudioVersion = 10.0.40219.1
Project("{FAE04EC0-301F-11D3-BF4B-00C04F79EFBC}") = "exploracion_espacial", "exploracion_espacial.csproj", "{8443A984-19AE-6DC8-BD2B-42EE9ACFE8FB}"
EndProject
Global
	GlobalSection(SolutionConfigurationPlatforms) = preSolution
		Debug|Any CPU = Debug|Any CPU
		Release|Any CPU = Release|Any CPU
	EndGlobalSection
	GlobalSection(ProjectConfigurationPlatforms) = postSolution
		{8443A984-19AE-6DC8-BD2B-42EE9ACFE8FB}.Debug|Any CPU.ActiveCfg = Debug|Any CPU
		{8443A984-19AE-6DC8-BD2B-42EE9ACFE8FB}.Debug|Any CPU.Build.0 = Debug|Any CPU
		{8443A984-19AE-6DC8-BD2B-42EE9ACFE8FB}.Release|Any CPU.ActiveCfg = Release|Any CPU
		{8443A984-19AE-6DC8-BD2B-42EE9ACFE8FB}.Release|Any CPU.Build.0 = Release|Any CPU
	EndGlobalSection
	GlobalSection(SolutionProperties) = preSolution
		HideSolutionNode = FALSE
	EndGlobalSection
	GlobalSection(ExtensibilityGlobals) = postSolution
		SolutionGuid = {E9A356E4-9D1C-4D3A-B1A6-526CC017A89F}
	EndGlobalSection
EndGlobal
