
Microsoft Visual Studio Solution File, Format Version 12.00
# Visual Studio Version 17
VisualStudioVersion = 17.0.31903.59
MinimumVisualStudioVersion = 10.0.40219.1
Project("{FAE04EC0-301F-11D3-BF4B-00C04F79EFBC}") = "Firmeza.Web", "Firmeza.Web\Firmeza.Web.csproj", "{E19110FA-C6CB-487D-B3A6-1D06B1895CF5}"
EndProject
Project("{FAE04EC0-301F-11D3-BF4B-00C04F79EFBC}") = "Firmeza.Tests", "Firmeza.Tests\Firmeza.Tests.csproj", "{A96A642F-8240-4DD1-88B1-A11FA03D8D4A}"
EndProject
Global
	GlobalSection(SolutionConfigurationPlatforms) = preSolution
		Debug|Any CPU = Debug|Any CPU
		Debug|x64 = Debug|x64
		Debug|x86 = Debug|x86
		Release|Any CPU = Release|Any CPU
		Release|x64 = Release|x64
		Release|x86 = Release|x86
	EndGlobalSection
	GlobalSection(ProjectConfigurationPlatforms) = postSolution
		{E19110FA-C6CB-487D-B3A6-1D06B1895CF5}.Debug|Any CPU.ActiveCfg = Debug|Any CPU
		{E19110FA-C6CB-487D-B3A6-1D06B1895CF5}.Debug|Any CPU.Build.0 = Debug|Any CPU
		{E19110FA-C6CB-487D-B3A6-1D06B1895CF5}.Debug|x64.ActiveCfg = Debug|Any CPU
		{E19110FA-C6CB-487D-B3A6-1D06B1895CF5}.Debug|x64.Build.0 = Debug|Any CPU
		{E19110FA-C6CB-487D-B3A6-1D06B1895CF5}.Debug|x86.ActiveCfg = Debug|Any CPU
		{E19110FA-C6CB-487D-B3A6-1D06B1895CF5}.Debug|x86.Build.0 = Debug|Any CPU
		{E19110FA-C6CB-487D-B3A6-1D06B1895CF5}.Release|Any CPU.ActiveCfg = Release|Any CPU
		{E19110FA-C6CB-487D-B3A6-1D06B1895CF5}.Release|Any CPU.Build.0 = Release|Any CPU
		{E19110FA-C6CB-487D-B3A6-1D06B1895CF5}.Release|x64.ActiveCfg = Release|Any CPU
		{E19110FA-C6CB-487D-B3A6-1D06B1895CF5}.Release|x64.Build.0 = Release|Any CPU
		{E19110FA-C6CB-487D-B3A6-1D06B1895CF5}.Release|x86.ActiveCfg = Release|Any CPU
		{E19110FA-C6CB-487D-B3A6-1D06B1895CF5}.Release|x86.Build.0 = Release|Any CPU
		{A96A642F-8240-4DD1-88B1-A11FA03D8D4A}.Debug|Any CPU.ActiveCfg = Debug|Any CPU
		{A96A642F-8240-4DD1-88B1-A11FA03D8D4A}.Debug|Any CPU.Build.0 = Debug|Any CPU
		{A96A642F-8240-4DD1-88B1-A11FA03D8D4A}.Debug|x64.ActiveCfg = Debug|Any CPU
		{A96A642F-8240-4DD1-88B1-A11FA03D8D4A}.Debug|x64.Build.0 = Debug|Any CPU
		{A96A642F-8240-4DD1-88B1-A11FA03D8D4A}.Debug|x86.ActiveCfg = Debug|Any CPU
		{A96A642F-8240-4DD1-88B1-A11FA03D8D4A}.Debug|x86.Build.0 = Debug|Any CPU
		{A96A642F-8240-4DD1-88B1-A11FA03D8D4A}.Release|Any CPU.ActiveCfg = Release|Any CPU
		{A96A642F-8240-4DD1-88B1-A11FA03D8D4A}.Release|Any CPU.Build.0 = Release|Any CPU
		{A96A642F-8240-4DD1-88B1-A11FA03D8D4A}.Release|x64.ActiveCfg = Release|Any CPU
		{A96A642F-8240-4DD1-88B1-A11FA03D8D4A}.Release|x64.Build.0 = Release|Any CPU
		{A96A642F-8240-4DD1-88B1-A11FA03D8D4A}.Release|x86.ActiveCfg = Release|Any CPU
		{A96A642F-8240-4DD1-88B1-A11FA03D8D4A}.Release|x86.Build.0 = Release|Any CPU
	EndGlobalSection
	GlobalSection(SolutionProperties) = preSolution
		HideSolutionNode = FALSE
	EndGlobalSection
EndGlobal
